
Microsoft Visual Studio Solution File, Format Version 12.00
# Visual Studio Version 17
VisualStudioVersion = 17.7.34221.43
MinimumVisualStudioVersion = 10.0.40219.1
Project("{9A19103F-16F7-4668-BE54-9A1E7A4F7556}") = "CSGrock", "CSGrock\CSGrock.csproj", "{C5D7E749-0134-4872-A8A7-E1EFA8CCE605}"
EndProject
Global
	GlobalSection(SolutionConfigurationPlatforms) = preSolution
		Debug|Any CPU = Debug|Any CPU
		Release|Any CPU = Release|Any CPU
	EndGlobalSection
	GlobalSection(ProjectConfigurationPlatforms) = postSolution
		{C5D7E749-0134-4872-A8A7-E1EFA8CCE605}.Debug|Any CPU.ActiveCfg = Debug|Any CPU
		{C5D7E749-0134-4872-A8A7-E1EFA8CCE605}.Debug|Any CPU.Build.0 = Debug|Any CPU
		{C5D7E749-0134-4872-A8A7-E1EFA8CCE605}.Release|Any CPU.ActiveCfg = Release|Any CPU
		{C5D7E749-0134-4872-A8A7-E1EFA8CCE605}.Release|Any CPU.Build.0 = Release|Any CPU
	EndGlobalSection
	GlobalSection(SolutionProperties) = preSolution
		HideSolutionNode = FALSE
	EndGlobalSection
	GlobalSection(ExtensibilityGlobals) = postSolution
		SolutionGuid = {0209445D-C0CD-4C4B-B090-641D30951D0A}
	EndGlobalSection
EndGlobal
